
Microsoft Visual Studio Solution File, Format Version 12.00
# Visual Studio Version 17
VisualStudioVersion = 17.2.32616.157
MinimumVisualStudioVersion = 10.0.40219.1
Project("{9A19103F-16F7-4668-BE54-9A1E7A4F7556}") = "Review", "Review2\Review.csproj", "{5484B7EB-84B1-47AB-B3BB-8B8739AC474F}"
EndProject
Global
	GlobalSection(SolutionConfigurationPlatforms) = preSolution
		Debug|Any CPU = Debug|Any CPU
		Release|Any CPU = Release|Any CPU
	EndGlobalSection
	GlobalSection(ProjectConfigurationPlatforms) = postSolution
		{5484B7EB-84B1-47AB-B3BB-8B8739AC474F}.Debug|Any CPU.ActiveCfg = Debug|Any CPU
		{5484B7EB-84B1-47AB-B3BB-8B8739AC474F}.Debug|Any CPU.Build.0 = Debug|Any CPU
		{5484B7EB-84B1-47AB-B3BB-8B8739AC474F}.Release|Any CPU.ActiveCfg = Release|Any CPU
		{5484B7EB-84B1-47AB-B3BB-8B8739AC474F}.Release|Any CPU.Build.0 = Release|Any CPU
	EndGlobalSection
	GlobalSection(SolutionProperties) = preSolution
		HideSolutionNode = FALSE
	EndGlobalSection
	GlobalSection(ExtensibilityGlobals) = postSolution
		SolutionGuid = {A5F9483F-7C25-4D96-873E-111EB90E52D2}
	EndGlobalSection
EndGlobal
