
Microsoft Visual Studio Solution File, Format Version 12.00
# Visual Studio Version 17
VisualStudioVersion = 17.2.32616.157
MinimumVisualStudioVersion = 10.0.40219.1
Project("{FAE04EC0-301F-11D3-BF4B-00C04F79EFBC}") = "project2", "project2\project2.csproj", "{78C7CCDD-FE85-4C42-8BB9-28533769D943}"
EndProject
Global
	GlobalSection(SolutionConfigurationPlatforms) = preSolution
		Debug|Any CPU = Debug|Any CPU
		Release|Any CPU = Release|Any CPU
	EndGlobalSection
	GlobalSection(ProjectConfigurationPlatforms) = postSolution
		{78C7CCDD-FE85-4C42-8BB9-28533769D943}.Debug|Any CPU.ActiveCfg = Debug|Any CPU
		{78C7CCDD-FE85-4C42-8BB9-28533769D943}.Debug|Any CPU.Build.0 = Debug|Any CPU
		{78C7CCDD-FE85-4C42-8BB9-28533769D943}.Release|Any CPU.ActiveCfg = Release|Any CPU
		{78C7CCDD-FE85-4C42-8BB9-28533769D943}.Release|Any CPU.Build.0 = Release|Any CPU
	EndGlobalSection
	GlobalSection(SolutionProperties) = preSolution
		HideSolutionNode = FALSE
	EndGlobalSection
	GlobalSection(ExtensibilityGlobals) = postSolution
		SolutionGuid = {4239FF60-4C5F-410B-9A70-94A2F88E3D0A}
	EndGlobalSection
EndGlobal
